PODS:
  - Flutter (1.0.0)
  - mz_back_plugin (0.0.1):
    - Flutter
  - permission_handler_apple (9.1.1):
    - Flutter

DEPENDENCIES:
  - Flutter (from `Flutter`)
  - mz_back_plugin (from `.symlinks/plugins/mz_back_plugin/ios`)
  - permission_handler_apple (from `.symlinks/plugins/permission_handler_apple/ios`)

EXTERNAL SOURCES:
  Flutter:
    :path: Flutter
  mz_back_plugin:
    :path: ".symlinks/plugins/mz_back_plugin/ios"
  permission_handler_apple:
    :path: ".symlinks/plugins/permission_handler_apple/ios"

SPEC CHECKSUMS:
  Flutter: f04841e97a9d0b0a8025694d0796dd46242b2854
  mz_back_plugin: 96b4b5d4286e3cc276d2ac1f3e1771a36a84bf5c
  permission_handler_apple: e76247795d700c14ea09e3a2d8855d41ee80a2e6

PODFILE CHECKSUM: bd2f3dbb3bdba5d9625c6b392cd8072104088711

COCOAPODS: 1.11.3
